
Microsoft Visual Studio Solution File, Format Version 12.00
# Visual Studio 15
Project("{FAE04EC0-301F-11D3-BF4B-00C04F79EFBC}") = "JSON2CSV", "JSON2CSV\JSON2CSV.csproj", "{05ED0ADC-2C13-4325-9195-59906CCF2D91}"
EndProject
Global
	GlobalSection(SolutionConfigurationPlatforms) = preSolution
		Debug|anycpu = Debug|anycpu
		Release|anycpu = Release|anycpu
	EndGlobalSection
	GlobalSection(ProjectConfigurationPlatforms) = postSolution
		{05ED0ADC-2C13-4325-9195-59906CCF2D91}.Debug|anycpu.ActiveCfg = Debug|anycpu
		{05ED0ADC-2C13-4325-9195-59906CCF2D91}.Debug|anycpu.Build.0 = Debug|anycpu
		{05ED0ADC-2C13-4325-9195-59906CCF2D91}.Release|anycpu.ActiveCfg = Release|anycpu
		{05ED0ADC-2C13-4325-9195-59906CCF2D91}.Release|anycpu.Build.0 = Release|anycpu
	EndGlobalSection
EndGlobal
